// !$*UTF8*$!
{
	archiveVersion = 1;
	classes = {
	};
	objectVersion = 46;
	objects = {

/* Begin PBXBuildFile section */
		C509CFD21E139D23004483CB /* AppDelegate.swift in Sources */ = {isa = PBXBuildFile; fileRef = C509CFD11E139D23004483CB /* AppDelegate.swift */; };
		C509CFD41E139D23004483CB /* MapViewController.swift in Sources */ = {isa = PBXBuildFile; fileRef = C509CFD31E139D23004483CB /* MapViewController.swift */; };
		C509CFD71E139D23004483CB /* Main.storyboard in Resources */ = {isa = PBXBuildFile; fileRef = C509CFD51E139D23004483CB /* Main.storyboard */; };
		C509CFD91E139D23004483CB /* Assets.xcassets in Resources */ = {isa = PBXBuildFile; fileRef = C509CFD81E139D23004483CB /* Assets.xcassets */; };
		C509CFDC1E139D23004483CB /* LaunchScreen.storyboard in Resources */ = {isa = PBXBuildFile; fileRef = C509CFDA1E139D23004483CB /* LaunchScreen.storyboard */; };
		C509CFE71E139D23004483CB /* Virtual_TouristTests.swift in Sources */ = {isa = PBXBuildFile; fileRef = C509CFE61E139D23004483CB /* Virtual_TouristTests.swift */; };
		C509CFF21E139D23004483CB /* Virtual_TouristUITests.swift in Sources */ = {isa = PBXBuildFile; fileRef = C509CFF11E139D23004483CB /* Virtual_TouristUITests.swift */; };
		C509D0041E139F0A004483CB /* CoreDataModel.xcdatamodeld in Sources */ = {isa = PBXBuildFile; fileRef = C509D0021E139F0A004483CB /* CoreDataModel.xcdatamodeld */; };
		C509D03D1E1419FD004483CB /* Pin+CoreDataClass.swift in Sources */ = {isa = PBXBuildFile; fileRef = C509D0391E1419FD004483CB /* Pin+CoreDataClass.swift */; };
		C509D03E1E1419FD004483CB /* Pin+CoreDataProperties.swift in Sources */ = {isa = PBXBuildFile; fileRef = C509D03A1E1419FD004483CB /* Pin+CoreDataProperties.swift */; };
		C509D03F1E1419FD004483CB /* Photo+CoreDataClass.swift in Sources */ = {isa = PBXBuildFile; fileRef = C509D03B1E1419FD004483CB /* Photo+CoreDataClass.swift */; };
		C509D0401E1419FD004483CB /* Photo+CoreDataProperties.swift in Sources */ = {isa = PBXBuildFile; fileRef = C509D03C1E1419FD004483CB /* Photo+CoreDataProperties.swift */; };
		C509D0421E141D63004483CB /* CoreDataModel.swift in Sources */ = {isa = PBXBuildFile; fileRef = C509D0411E141D63004483CB /* CoreDataModel.swift */; };
		C509D0441E141F26004483CB /* CoreDataClient.swift in Sources */ = {isa = PBXBuildFile; fileRef = C509D0431E141F26004483CB /* CoreDataClient.swift */; };
/* End PBXBuildFile section */

/* Begin PBXContainerItemProxy section */
		C509CFE31E139D23004483CB /* PBXContainerItemProxy */ = {
			isa = PBXContainerItemProxy;
			containerPortal = C509CFC61E139D22004483CB /* Project object */;
			proxyType = 1;
			remoteGlobalIDString = C509CFCD1E139D22004483CB;
			remoteInfo = "Virtual Tourist";
		};
		C509CFEE1E139D23004483CB /* PBXContainerItemProxy */ = {
			isa = PBXContainerItemProxy;
			containerPortal = C509CFC61E139D22004483CB /* Project object */;
			proxyType = 1;
			remoteGlobalIDString = C509CFCD1E139D22004483CB;
			remoteInfo = "Virtual Tourist";
		};
/* End PBXContainerItemProxy section */

/* Begin PBXFileReference section */
		C509CFCE1E139D22004483CB /* Virtual Tourist.app */ = {isa = PBXFileReference; explicitFileType = wrapper.application; includeInIndex = 0; path = "Virtual Tourist.app"; sourceTree = BUILT_PRODUCTS_DIR; };
		C509CFD11E139D23004483CB /* AppDelegate.swift */ = {isa = PBXFileReference; lastKnownFileType = sourcecode.swift; path = AppDelegate.swift; sourceTree = "<group>"; };
		C509CFD31E139D23004483CB /* MapViewController.swift */ = {isa = PBXFileReference; lastKnownFileType = sourcecode.swift; path = MapViewController.swift; sourceTree = "<group>"; };
		C509CFD61E139D23004483CB /* Base */ = {isa = PBXFileReference; lastKnownFileType = file.storyboard; name = Base; path = Base.lproj/Main.storyboard; sourceTree = "<group>"; };
		C509CFD81E139D23004483CB /* Assets.xcassets */ = {isa = PBXFileReference; lastKnownFileType = folder.assetcatalog; path = Assets.xcassets; sourceTree = "<group>"; };
		C509CFDB1E139D23004483CB /* Base */ = {isa = PBXFileReference; lastKnownFileType = file.storyboard; name = Base; path = Base.lproj/LaunchScreen.storyboard; sourceTree = "<group>"; };
		C509CFDD1E139D23004483CB /* Info.plist */ = {isa = PBXFileReference; lastKnownFileType = text.plist.xml; path = Info.plist; sourceTree = "<group>"; };
		C509CFE21E139D23004483CB /* Virtual TouristTests.xctest */ = {isa = PBXFileReference; explicitFileType = wrapper.cfbundle; includeInIndex = 0; path = "Virtual TouristTests.xctest"; sourceTree = BUILT_PRODUCTS_DIR; };
		C509CFE61E139D23004483CB /* Virtual_TouristTests.swift */ = {isa = PBXFileReference; lastKnownFileType = sourcecode.swift; path = Virtual_TouristTests.swift; sourceTree = "<group>"; };
		C509CFE81E139D23004483CB /* Info.plist */ = {isa = PBXFileReference; lastKnownFileType = text.plist.xml; path = Info.plist; sourceTree = "<group>"; };
		C509CFED1E139D23004483CB /* Virtual TouristUITests.xctest */ = {isa = PBXFileReference; explicitFileType = wrapper.cfbundle; includeInIndex = 0; path = "Virtual TouristUITests.xctest"; sourceTree = BUILT_PRODUCTS_DIR; };
		C509CFF11E139D23004483CB /* Virtual_TouristUITests.swift */ = {isa = PBXFileReference; lastKnownFileType = sourcecode.swift; path = Virtual_TouristUITests.swift; sourceTree = "<group>"; };
		C509CFF31E139D23004483CB /* Info.plist */ = {isa = PBXFileReference; lastKnownFileType = text.plist.xml; path = Info.plist; sourceTree = "<group>"; };
		C509D0031E139F0A004483CB /* CoreDataModel.xcdatamodel */ = {isa = PBXFileReference; lastKnownFileType = wrapper.xcdatamodel; path = CoreDataModel.xcdatamodel; sourceTree = "<group>"; };
		C509D0391E1419FD004483CB /* Pin+CoreDataClass.swift */ = {isa = PBXFileReference; fileEncoding = 4; lastKnownFileType = sourcecode.swift; path = "Pin+CoreDataClass.swift"; sourceTree = "<group>"; };
		C509D03A1E1419FD004483CB /* Pin+CoreDataProperties.swift */ = {isa = PBXFileReference; fileEncoding = 4; lastKnownFileType = sourcecode.swift; path = "Pin+CoreDataProperties.swift"; sourceTree = "<group>"; };
		C509D03B1E1419FD004483CB /* Photo+CoreDataClass.swift */ = {isa = PBXFileReference; fileEncoding = 4; lastKnownFileType = sourcecode.swift; path = "Photo+CoreDataClass.swift"; sourceTree = "<group>"; };
		C509D03C1E1419FD004483CB /* Photo+CoreDataProperties.swift */ = {isa = PBXFileReference; fileEncoding = 4; lastKnownFileType = sourcecode.swift; path = "Photo+CoreDataProperties.swift"; sourceTree = "<group>"; };
		C509D0411E141D63004483CB /* CoreDataModel.swift */ = {isa = PBXFileReference; fileEncoding = 4; lastKnownFileType = sourcecode.swift; path = CoreDataModel.swift; sourceTree = "<group>"; };
		C509D0431E141F26004483CB /* CoreDataClient.swift */ = {isa = PBXFileReference; fileEncoding = 4; lastKnownFileType = sourcecode.swift; path = CoreDataClient.swift; sourceTree = "<group>"; };
/* End PBXFileReference section */

/* Begin PBXFrameworksBuildPhase section */
		C509CFCB1E139D22004483CB /* Frameworks */ = {
			isa = PBXFrameworksBuildPhase;
			buildActionMask = 2147483647;
			files = (
			);
			runOnlyForDeploymentPostprocessing = 0;
		};
		C509CFDF1E139D23004483CB /* Frameworks */ = {
			isa = PBXFrameworksBuildPhase;
			buildActionMask = 2147483647;
			files = (
			);
			runOnlyForDeploymentPostprocessing = 0;
		};
		C509CFEA1E139D23004483CB /* Frameworks */ = {
			isa = PBXFrameworksBuildPhase;
			buildActionMask = 2147483647;
			files = (
			);
			runOnlyForDeploymentPostprocessing = 0;
		};
/* End PBXFrameworksBuildPhase section */

/* Begin PBXGroup section */
		C509CFC51E139D22004483CB = {
			isa = PBXGroup;
			children = (
				C509D0391E1419FD004483CB /* Pin+CoreDataClass.swift */,
				C509D03A1E1419FD004483CB /* Pin+CoreDataProperties.swift */,
				C509D03B1E1419FD004483CB /* Photo+CoreDataClass.swift */,
				C509D03C1E1419FD004483CB /* Photo+CoreDataProperties.swift */,
				C509CFD01E139D22004483CB /* Virtual Tourist */,
				C509CFE51E139D23004483CB /* Virtual TouristTests */,
				C509CFF01E139D23004483CB /* Virtual TouristUITests */,
				C509CFCF1E139D22004483CB /* Products */,
			);
			sourceTree = "<group>";
		};
		C509CFCF1E139D22004483CB /* Products */ = {
			isa = PBXGroup;
			children = (
				C509CFCE1E139D22004483CB /* Virtual Tourist.app */,
				C509CFE21E139D23004483CB /* Virtual TouristTests.xctest */,
				C509CFED1E139D23004483CB /* Virtual TouristUITests.xctest */,
			);
			name = Products;
			sourceTree = "<group>";
		};
		C509CFD01E139D22004483CB /* Virtual Tourist */ = {
			isa = PBXGroup;
			children = (
				C509D0011E139EF1004483CB /* Controller */,
				C509D0001E139EE7004483CB /* View */,
				C509CFFF1E139EDE004483CB /* Model */,
				C509CFD11E139D23004483CB /* AppDelegate.swift */,
				C509CFD51E139D23004483CB /* Main.storyboard */,
				C509CFD81E139D23004483CB /* Assets.xcassets */,
				C509CFDA1E139D23004483CB /* LaunchScreen.storyboard */,
				C509CFDD1E139D23004483CB /* Info.plist */,
			);
			path = "Virtual Tourist";
			sourceTree = "<group>";
		};
		C509CFE51E139D23004483CB /* Virtual TouristTests */ = {
			isa = PBXGroup;
			children = (
				C509CFE61E139D23004483CB /* Virtual_TouristTests.swift */,
				C509CFE81E139D23004483CB /* Info.plist */,
			);
			path = "Virtual TouristTests";
			sourceTree = "<group>";
		};
		C509CFF01E139D23004483CB /* Virtual TouristUITests */ = {
			isa = PBXGroup;
			children = (
				C509CFF11E139D23004483CB /* Virtual_TouristUITests.swift */,
				C509CFF31E139D23004483CB /* Info.plist */,
			);
			path = "Virtual TouristUITests";
			sourceTree = "<group>";
		};
		C509CFFF1E139EDE004483CB /* Model */ = {
			isa = PBXGroup;
			children = (
				C509D0021E139F0A004483CB /* CoreDataModel.xcdatamodeld */,
				C509D0411E141D63004483CB /* CoreDataModel.swift */,
				C509D0431E141F26004483CB /* CoreDataClient.swift */,
			);
			name = Model;
			sourceTree = "<group>";
		};
		C509D0001E139EE7004483CB /* View */ = {
			isa = PBXGroup;
			children = (
			);
			name = View;
			sourceTree = "<group>";
		};
		C509D0011E139EF1004483CB /* Controller */ = {
			isa = PBXGroup;
			children = (
				C509CFD31E139D23004483CB /* MapViewController.swift */,
			);
			name = Controller;
			sourceTree = "<group>";
		};
/* End PBXGroup section */

/* Begin PBXNativeTarget section */
		C509CFCD1E139D22004483CB /* Virtual Tourist */ = {
			isa = PBXNativeTarget;
			buildConfigurationList = C509CFF61E139D23004483CB /* Build configuration list for PBXNativeTarget "Virtual Tourist" */;
			buildPhases = (
				C509CFCA1E139D22004483CB /* Sources */,
				C509CFCB1E139D22004483CB /* Frameworks */,
				C509CFCC1E139D22004483CB /* Resources */,
			);
			buildRules = (
			);
			dependencies = (
			);
			name = "Virtual Tourist";
			productName = "Virtual Tourist";
			productReference = C509CFCE1E139D22004483CB /* Virtual Tourist.app */;
			productType = "com.apple.product-type.application";
		};
		C509CFE11E139D23004483CB /* Virtual TouristTests */ = {
			isa = PBXNativeTarget;
			buildConfigurationList = C509CFF91E139D23004483CB /* Build configuration list for PBXNativeTarget "Virtual TouristTests" */;
			buildPhases = (
				C509CFDE1E139D23004483CB /* Sources */,
				C509CFDF1E139D23004483CB /* Frameworks */,
				C509CFE01E139D23004483CB /* Resources */,
			);
			buildRules = (
			);
			dependencies = (
				C509CFE41E139D23004483CB /* PBXTargetDependency */,
			);
			name = "Virtual TouristTests";
			productName = "Virtual TouristTests";
			productReference = C509CFE21E139D23004483CB /* Virtual TouristTests.xctest */;
			productType = "com.apple.product-type.bundle.unit-test";
		};
		C509CFEC1E139D23004483CB /* Virtual TouristUITests */ = {
			isa = PBXNativeTarget;
			buildConfigurationList = C509CFFC1E139D23004483CB /* Build configuration list for PBXNativeTarget "Virtual TouristUITests" */;
			buildPhases = (
				C509CFE91E139D23004483CB /* Sources */,
				C509CFEA1E139D23004483CB /* Frameworks */,
				C509CFEB1E139D23004483CB /* Resources */,
			);
			buildRules = (
			);
			dependencies = (
				C509CFEF1E139D23004483CB /* PBXTargetDependency */,
			);
			name = "Virtual TouristUITests";
			productName = "Virtual TouristUITests";
			productReference = C509CFED1E139D23004483CB /* Virtual TouristUITests.xctest */;
			productType = "com.apple.product-type.bundle.ui-testing";
		};
/* End PBXNativeTarget section */

/* Begin PBXProject section */
		C509CFC61E139D22004483CB /* Project object */ = {
			isa = PBXProject;
			attributes = {
				LastSwiftUpdateCheck = 0810;
				LastUpgradeCheck = 0810;
				ORGANIZATIONNAME = "Ashish Rajendra Kumar Sai";
				TargetAttributes = {
					C509CFCD1E139D22004483CB = {
						CreatedOnToolsVersion = 8.1;
						DevelopmentTeam = 5Z7V5R3L58;
						ProvisioningStyle = Automatic;
					};
					C509CFE11E139D23004483CB = {
						CreatedOnToolsVersion = 8.1;
						DevelopmentTeam = 5Z7V5R3L58;
						ProvisioningStyle = Automatic;
						TestTargetID = C509CFCD1E139D22004483CB;
					};
					C509CFEC1E139D23004483CB = {
						CreatedOnToolsVersion = 8.1;
						DevelopmentTeam = 5Z7V5R3L58;
						ProvisioningStyle = Automatic;
						TestTargetID = C509CFCD1E139D22004483CB;
					};
				};
			};
			buildConfigurationList = C509CFC91E139D22004483CB /* Build configuration list for PBXProject "Virtual Tourist" */;
			compatibilityVersion = "Xcode 3.2";
			developmentRegion = English;
			hasScannedForEncodings = 0;
			knownRegions = (
				en,
				Base,
			);
			mainGroup = C509CFC51E139D22004483CB;
			productRefGroup = C509CFCF1E139D22004483CB /* Products */;
			projectDirPath = "";
			projectRoot = "";
			targets = (
				C509CFCD1E139D22004483CB /* Virtual Tourist */,
				C509CFE11E139D23004483CB /* Virtual TouristTests */,
				C509CFEC1E139D23004483CB /* Virtual TouristUITests */,
			);
		};
/* End PBXProject section */

/* Begin PBXResourcesBuildPhase section */
		C509CFCC1E139D22004483CB /* Resources */ = {
			isa = PBXResourcesBuildPhase;
			buildActionMask = 2147483647;
			files = (
				C509CFDC1E139D23004483CB /* LaunchScreen.storyboard in Resources */,
				C509CFD91E139D23004483CB /* Assets.xcassets in Resources */,
				C509CFD71E139D23004483CB /* Main.storyboard in Resources */,
			);
			runOnlyForDeploymentPostprocessing = 0;
		};
		C509CFE01E139D23004483CB /* Resources */ = {
			isa = PBXResourcesBuildPhase;
			buildActionMask = 2147483647;
			files = (
			);
			runOnlyForDeploymentPostprocessing = 0;
		};
		C509CFEB1E139D23004483CB /* Resources */ = {
			isa = PBXResourcesBuildPhase;
			buildActionMask = 2147483647;
			files = (
			);
			runOnlyForDeploymentPostprocessing = 0;
		};
/* End PBXResourcesBuildPhase section */

/* Begin PBXSourcesBuildPhase section */
		C509CFCA1E139D22004483CB /* Sources */ = {
			isa = PBXSourcesBuildPhase;
			buildActionMask = 2147483647;
			files = (
				C509D0401E1419FD004483CB /* Photo+CoreDataProperties.swift in Sources */,
				C509D03F1E1419FD004483CB /* Photo+CoreDataClass.swift in Sources */,
				C509D0421E141D63004483CB /* CoreDataModel.swift in Sources */,
				C509CFD41E139D23004483CB /* MapViewController.swift in Sources */,
				C509D03D1E1419FD004483CB /* Pin+CoreDataClass.swift in Sources */,
				C509CFD21E139D23004483CB /* AppDelegate.swift in Sources */,
				C509D03E1E1419FD004483CB /* Pin+CoreDataProperties.swift in Sources */,
				C509D0441E141F26004483CB /* CoreDataClient.swift in Sources */,
				C509D0041E139F0A004483CB /* CoreDataModel.xcdatamodeld in Sources */,
			);
			runOnlyForDeploymentPostprocessing = 0;
		};
		C509CFDE1E139D23004483CB /* Sources */ = {
			isa = PBXSourcesBuildPhase;
			buildActionMask = 2147483647;
			files = (
				C509CFE71E139D23004483CB /* Virtual_TouristTests.swift in Sources */,
			);
			runOnlyForDeploymentPostprocessing = 0;
		};
		C509CFE91E139D23004483CB /* Sources */ = {
			isa = PBXSourcesBuildPhase;
			buildActionMask = 2147483647;
			files = (
				C509CFF21E139D23004483CB /* Virtual_TouristUITests.swift in Sources */,
			);
			runOnlyForDeploymentPostprocessing = 0;
		};
/* End PBXSourcesBuildPhase section */

/* Begin PBXTargetDependency section */
		C509CFE41E139D23004483CB /* PBXTargetDependency */ = {
			isa = PBXTargetDependency;
			target = C509CFCD1E139D22004483CB /* Virtual Tourist */;
			targetProxy = C509CFE31E139D23004483CB /* PBXContainerItemProxy */;
		};
		C509CFEF1E139D23004483CB /* PBXTargetDependency */ = {
			isa = PBXTargetDependency;
			target = C509CFCD1E139D22004483CB /* Virtual Tourist */;
			targetProxy = C509CFEE1E139D23004483CB /* PBXContainerItemProxy */;
		};
/* End PBXTargetDependency section */

/* Begin PBXVariantGroup section */
		C509CFD51E139D23004483CB /* Main.storyboard */ = {
			isa = PBXVariantGroup;
			children = (
				C509CFD61E139D23004483CB /* Base */,
			);
			name = Main.storyboard;
			sourceTree = "<group>";
		};
		C509CFDA1E139D23004483CB /* LaunchScreen.storyboard */ = {
			isa = PBXVariantGroup;
			children = (
				C509CFDB1E139D23004483CB /* Base */,
			);
			name = LaunchScreen.storyboard;
			sourceTree = "<group>";
		};
/* End PBXVariantGroup section */

/* Begin XCBuildConfiguration section */
		C509CFF41E139D23004483CB /* Debug */ = {
			isa = XCBuildConfiguration;
			buildSettings = {
				ALWAYS_SEARCH_USER_PATHS = NO;
				CLANG_ANALYZER_NONNULL = YES;
				CLANG_CXX_LANGUAGE_STANDARD = "gnu++0x";
				CLANG_CXX_LIBRARY = "libc++";
				CLANG_ENABLE_MODULES = YES;
				CLANG_ENABLE_OBJC_ARC = YES;
				CLANG_WARN_BOOL_CONVERSION = YES;
				CLANG_WARN_CONSTANT_CONVERSION = YES;
				CLANG_WARN_DIRECT_OBJC_ISA_USAGE = YES_ERROR;
				CLANG_WARN_DOCUMENTATION_COMMENTS = YES;
				CLANG_WARN_EMPTY_BODY = YES;
				CLANG_WARN_ENUM_CONVERSION = YES;
				CLANG_WARN_INFINITE_RECURSION = YES;
				CLANG_WARN_INT_CONVERSION = YES;
				CLANG_WARN_OBJC_ROOT_CLASS = YES_ERROR;
				CLANG_WARN_SUSPICIOUS_MOVES = YES;
				CLANG_WARN_UNREACHABLE_CODE = YES;
				CLANG_WARN__DUPLICATE_METHOD_MATCH = YES;
				"CODE_SIGN_IDENTITY[sdk=iphoneos*]" = "iPhone Developer";
				COPY_PHASE_STRIP = NO;
				DEBUG_INFORMATION_FORMAT = dwarf;
				ENABLE_STRICT_OBJC_MSGSEND = YES;
				ENABLE_TESTABILITY = YES;
				GCC_C_LANGUAGE_STANDARD = gnu99;
				GCC_DYNAMIC_NO_PIC = NO;
				GCC_NO_COMMON_BLOCKS = YES;
				GCC_OPTIMIZATION_LEVEL = 0;
				GCC_PREPROCESSOR_DEFINITIONS = (
					"DEBUG=1",
					"$(inherited)",
				);
				GCC_WARN_64_TO_32_BIT_CONVERSION = YES;
				GCC_WARN_ABOUT_RETURN_TYPE = YES_ERROR;
				GCC_WARN_UNDECLARED_SELECTOR = YES;
				GCC_WARN_UNINITIALIZED_AUTOS = YES_AGGRESSIVE;
				GCC_WARN_UNUSED_FUNCTION = YES;
				GCC_WARN_UNUSED_VARIABLE = YES;
				IPHONEOS_DEPLOYMENT_TARGET = 10.1;
				MTL_ENABLE_DEBUG_INFO = YES;
				ONLY_ACTIVE_ARCH = YES;
				SDKROOT = iphoneos;
				SWIFT_ACTIVE_COMPILATION_CONDITIONS = DEBUG;
				SWIFT_OPTIMIZATION_LEVEL = "-Onone";
				TARGETED_DEVICE_FAMILY = "1,2";
			};
			name = Debug;
		};
		C509CFF51E139D23004483CB /* Release */ = {
			isa = XCBuildConfiguration;
			buildSettings = {
				ALWAYS_SEARCH_USER_PATHS = NO;
				CLANG_ANALYZER_NONNULL = YES;
				CLANG_CXX_LANGUAGE_STANDARD = "gnu++0x";
				CLANG_CXX_LIBRARY = "libc++";
				CLANG_ENABLE_MODULES = YES;
				CLANG_ENABLE_OBJC_ARC = YES;
				CLANG_WARN_BOOL_CONVERSION = YES;
				CLANG_WARN_CONSTANT_CONVERSION = YES;
				CLANG_WARN_DIRECT_OBJC_ISA_USAGE = YES_ERROR;
				CLANG_WARN_DOCUMENTATION_COMMENTS = YES;
				CLANG_WARN_EMPTY_BODY = YES;
				CLANG_WARN_ENUM_CONVERSION = YES;
				CLANG_WARN_INFINITE_RECURSION = YES;
				CLANG_WARN_INT_CONVERSION = YES;
				CLANG_WARN_OBJC_ROOT_CLASS = YES_ERROR;
				CLANG_WARN_SUSPICIOUS_MOVES = YES;
				CLANG_WARN_UNREACHABLE_CODE = YES;
				CLANG_WARN__DUPLICATE_METHOD_MATCH = YES;
				"CODE_SIGN_IDENTITY[sdk=iphoneos*]" = "iPhone Developer";
				COPY_PHASE_STRIP = NO;
				DEBUG_INFORMATION_FORMAT = "dwarf-with-dsym";
				ENABLE_NS_ASSERTIONS = NO;
				ENABLE_STRICT_OBJC_MSGSEND = YES;
				GCC_C_LANGUAGE_STANDARD = gnu99;
				GCC_NO_COMMON_BLOCKS = YES;
				GCC_WARN_64_TO_32_BIT_CONVERSION = YES;
				GCC_WARN_ABOUT_RETURN_TYPE = YES_ERROR;
				GCC_WARN_UNDECLARED_SELECTOR = YES;
				GCC_WARN_UNINITIALIZED_AUTOS = YES_AGGRESSIVE;
				GCC_WARN_UNUSED_FUNCTION = YES;
				GCC_WARN_UNUSED_VARIABLE = YES;
				IPHONEOS_DEPLOYMENT_TARGET = 10.1;
				MTL_ENABLE_DEBUG_INFO = NO;
				SDKROOT = iphoneos;
				SWIFT_OPTIMIZATION_LEVEL = "-Owholemodule";
				TARGETED_DEVICE_FAMILY = "1,2";
				VALIDATE_PRODUCT = YES;
			};
			name = Release;
		};
		C509CFF71E139D23004483CB /* Debug */ = {
			isa = XCBuildConfiguration;
			buildSettings = {
				ASSETCATALOG_COMPILER_APPICON_NAME = AppIcon;
				DEVELOPMENT_TEAM = 5Z7V5R3L58;
				INFOPLIST_FILE = "Virtual Tourist/Info.plist";
				IPHONEOS_DEPLOYMENT_TARGET = 10;
				LD_RUNPATH_SEARCH_PATHS = "$(inherited) @executable_path/Frameworks";
				PRODUCT_BUNDLE_IDENTIFIER = "ashishrsai.Virtual-Tourist";
				PRODUCT_NAME = "$(TARGET_NAME)";
				SWIFT_VERSION = 3.0;
			};
			name = Debug;
		};
		C509CFF81E139D23004483CB /* Release */ = {
			isa = XCBuildConfiguration;
			buildSettings = {
				ASSETCATALOG_COMPILER_APPICON_NAME = AppIcon;
				DEVELOPMENT_TEAM = 5Z7V5R3L58;
				INFOPLIST_FILE = "Virtual Tourist/Info.plist";
				IPHONEOS_DEPLOYMENT_TARGET = 10;
				LD_RUNPATH_SEARCH_PATHS = "$(inherited) @executable_path/Frameworks";
				PRODUCT_BUNDLE_IDENTIFIER = "ashishrsai.Virtual-Tourist";
				PRODUCT_NAME = "$(TARGET_NAME)";
				SWIFT_VERSION = 3.0;
			};
			name = Release;
		};
		C509CFFA1E139D23004483CB /* Debug */ = {
			isa = XCBuildConfiguration;
			buildSettings = {
				ALWAYS_EMBED_SWIFT_STANDARD_LIBRARIES = YES;
				BUNDLE_LOADER = "$(TEST_HOST)";
				DEVELOPMENT_TEAM = 5Z7V5R3L58;
				INFOPLIST_FILE = "Virtual TouristTests/Info.plist";
				LD_RUNPATH_SEARCH_PATHS = "$(inherited) @executable_path/Frameworks @loader_path/Frameworks";
				PRODUCT_BUNDLE_IDENTIFIER = "ashishrsai.Virtual-TouristTests";
				PRODUCT_NAME = "$(TARGET_NAME)";
				SWIFT_VERSION = 3.0;
				TEST_HOST = "$(BUILT_PRODUCTS_DIR)/Virtual Tourist.app/Virtual Tourist";
			};
			name = Debug;
		};
		C509CFFB1E139D23004483CB /* Release */ = {
			isa = XCBuildConfiguration;
			buildSettings = {
				ALWAYS_EMBED_SWIFT_STANDARD_LIBRARIES = YES;
				BUNDLE_LOADER = "$(TEST_HOST)";
				DEVELOPMENT_TEAM = 5Z7V5R3L58;
				INFOPLIST_FILE = "Virtual TouristTests/Info.plist";
				LD_RUNPATH_SEARCH_PATHS = "$(inherited) @executable_path/Frameworks @loader_path/Frameworks";
				PRODUCT_BUNDLE_IDENTIFIER = "ashishrsai.Virtual-TouristTests";
				PRODUCT_NAME = "$(TARGET_NAME)";
				SWIFT_VERSION = 3.0;
				TEST_HOST = "$(BUILT_PRODUCTS_DIR)/Virtual Tourist.app/Virtual Tourist";
			};
			name = Release;
		};
		C509CFFD1E139D23004483CB /* Debug */ = {
			isa = XCBuildConfiguration;
			buildSettings = {
				ALWAYS_EMBED_SWIFT_STANDARD_LIBRARIES = YES;
				DEVELOPMENT_TEAM = 5Z7V5R3L58;
				INFOPLIST_FILE = "Virtual TouristUITests/Info.plist";
				LD_RUNPATH_SEARCH_PATHS = "$(inherited) @executable_path/Frameworks @loader_path/Frameworks";
				PRODUCT_BUNDLE_IDENTIFIER = "ashishrsai.Virtual-TouristUITests";
				PRODUCT_NAME = "$(TARGET_NAME)";
				SWIFT_VERSION = 3.0;
				TEST_TARGET_NAME = "Virtual Tourist";
			};
			name = Debug;
		};
		C509CFFE1E139D23004483CB /* Release */ = {
			isa = XCBuildConfiguration;
			buildSettings = {
				ALWAYS_EMBED_SWIFT_STANDARD_LIBRARIES = YES;
				DEVELOPMENT_TEAM = 5Z7V5R3L58;
				INFOPLIST_FILE = "Virtual TouristUITests/Info.plist";
				LD_RUNPATH_SEARCH_PATHS = "$(inherited) @executable_path/Frameworks @loader_path/Frameworks";
				PRODUCT_BUNDLE_IDENTIFIER = "ashishrsai.Virtual-TouristUITests";
				PRODUCT_NAME = "$(TARGET_NAME)";
				SWIFT_VERSION = 3.0;
				TEST_TARGET_NAME = "Virtual Tourist";
			};
			name = Release;
		};
/* End XCBuildConfiguration section */

/* Begin XCConfigurationList section */
		C509CFC91E139D22004483CB /* Build configuration list for PBXProject "Virtual Tourist" */ = {
			isa = XCConfigurationList;
			buildConfigurations = (
				C509CFF41E139D23004483CB /* Debug */,
				C509CFF51E139D23004483CB /* Release */,
			);
			defaultConfigurationIsVisible = 0;
			defaultConfigurationName = Release;
		};
		C509CFF61E139D23004483CB /* Build configuration list for PBXNativeTarget "Virtual Tourist" */ = {
			isa = XCConfigurationList;
			buildConfigurations = (
				C509CFF71E139D23004483CB /* Debug */,
				C509CFF81E139D23004483CB /* Release */,
			);
			defaultConfigurationIsVisible = 0;
			defaultConfigurationName = Release;
		};
		C509CFF91E139D23004483CB /* Build configuration list for PBXNativeTarget "Virtual TouristTests" */ = {
			isa = XCConfigurationList;
			buildConfigurations = (
				C509CFFA1E139D23004483CB /* Debug */,
				C509CFFB1E139D23004483CB /* Release */,
			);
			defaultConfigurationIsVisible = 0;
			defaultConfigurationName = Release;
		};
		C509CFFC1E139D23004483CB /* Build configuration list for PBXNativeTarget "Virtual TouristUITests" */ = {
			isa = XCConfigurationList;
			buildConfigurations = (
				C509CFFD1E139D23004483CB /* Debug */,
				C509CFFE1E139D23004483CB /* Release */,
			);
			defaultConfigurationIsVisible = 0;
			defaultConfigurationName = Release;
		};
/* End XCConfigurationList section */

/* Begin XCVersionGroup section */
		C509D0021E139F0A004483CB /* CoreDataModel.xcdatamodeld */ = {
			isa = XCVersionGroup;
			children = (
				C509D0031E139F0A004483CB /* CoreDataModel.xcdatamodel */,
			);
			currentVersion = C509D0031E139F0A004483CB /* CoreDataModel.xcdatamodel */;
			path = CoreDataModel.xcdatamodeld;
			sourceTree = "<group>";
			versionGroupType = wrapper.xcdatamodel;
		};
/* End XCVersionGroup section */
	};
	rootObject = C509CFC61E139D22004483CB /* Project object */;
}
